
Microsoft Visual Studio Solution File, Format Version 12.00
# Visual Studio 15
VisualStudioVersion = 15.0.27004.2009
MinimumVisualStudioVersion = 10.0.40219.1
Project("{FAE04EC0-301F-11D3-BF4B-00C04F79EFBC}") = "HotelBot", "HotelBot\HotelBot.csproj", "{2CF9EFB3-9B32-4A32-BDD8-DB99B6012541}"
EndProject
Global
	GlobalSection(SolutionConfigurationPlatforms) = preSolution
		Debug|Any CPU = Debug|Any CPU
		Release|Any CPU = Release|Any CPU
	EndGlobalSection
	GlobalSection(ProjectConfigurationPlatforms) = postSolution
		{2CF9EFB3-9B32-4A32-BDD8-DB99B6012541}.Debug|Any CPU.ActiveCfg = Debug|Any CPU
		{2CF9EFB3-9B32-4A32-BDD8-DB99B6012541}.Debug|Any CPU.Build.0 = Debug|Any CPU
		{2CF9EFB3-9B32-4A32-BDD8-DB99B6012541}.Release|Any CPU.ActiveCfg = Release|Any CPU
		{2CF9EFB3-9B32-4A32-BDD8-DB99B6012541}.Release|Any CPU.Build.0 = Release|Any CPU
	EndGlobalSection
	GlobalSection(SolutionProperties) = preSolution
		HideSolutionNode = FALSE
	EndGlobalSection
	GlobalSection(ExtensibilityGlobals) = postSolution
		SolutionGuid = {F9DB33DA-876A-49B3-9846-584CB8B9AB87}
	EndGlobalSection
EndGlobal
